{
  "name": "san-router",
  "version": "1.0.0",
  "lockfileVersion": 2,
  "requires": true,
  "packages": {
    "": {
      "name": "san-router",
      "version": "1.0.0",
      "license": "ISC",
      "engines": {
        "node": "node >=7.8.0"
      }
    },
    "C:/Users/aliya/AppData/Roaming/npm/node_modules/index.js": {
      "version": "0.0.3",
      "extraneous": true,
      "license": "MIT",
      "devDependencies": {
        "mocha": "^1.21.4"
      }
    }
  }
}
